
Microsoft Visual Studio Solution File, Format Version 12.00
Project("{FAE04EC0-301F-11D3-BF4B-00C04F79EFBC}") = "Friday", "Friday\Friday.csproj", "{68AD0C1B-DACB-455D-BD17-4FBAD42B9E8F}"
EndProject
Global
	GlobalSection(SolutionConfigurationPlatforms) = preSolution
		Debug|Any CPU = Debug|Any CPU
		Release|Any CPU = Release|Any CPU
	EndGlobalSection
	GlobalSection(ProjectConfigurationPlatforms) = postSolution
		{68AD0C1B-DACB-455D-BD17-4FBAD42B9E8F}.Debug|Any CPU.ActiveCfg = Debug|Any CPU
		{68AD0C1B-DACB-455D-BD17-4FBAD42B9E8F}.Debug|Any CPU.Build.0 = Debug|Any CPU
		{68AD0C1B-DACB-455D-BD17-4FBAD42B9E8F}.Release|Any CPU.ActiveCfg = Release|Any CPU
		{68AD0C1B-DACB-455D-BD17-4FBAD42B9E8F}.Release|Any CPU.Build.0 = Release|Any CPU
	EndGlobalSection
EndGlobal
